{
  "name": "my project3 MERN mysql-Express-React-Node vacations johnBryce",
  "lockfileVersion": 2,
  "requires": true,
  "packages": {
    "": {
      "dependencies": {
        "hash": "^0.2.1",
        "salt": "^0.5.5"
      }
    },
    "node_modules/genData": {
      "version": "3.1.0",
      "resolved": "https://registry.npmjs.org/genData/-/genData-3.1.0.tgz",
      "integrity": "sha1-2RwWPvV+xx1FKIe0xJ6jXTry8Fg=",
      "engines": {
        "node": ">= 0.5.0"
      }
    },
    "node_modules/hash": {
      "version": "0.2.1",
      "resolved": "https://registry.npmjs.org/hash/-/hash-0.2.1.tgz",
      "integrity": "sha1-pxnXiTl8VjfwIEPAwYD0Mf35puw="
    },
    "node_modules/panzer": {
      "version": "0.3.13",
      "resolved": "https://registry.npmjs.org/panzer/-/panzer-0.3.13.tgz",
      "integrity": "sha1-uoK5baSdmC+8ADptfXMMrRGpKT0=",
      "dependencies": {
        "genData": "~3.1"
      },
      "engines": {
        "node": ">= 0.5.0"
      }
    },
    "node_modules/salt": {
      "version": "0.5.5",
      "resolved": "https://registry.npmjs.org/salt/-/salt-0.5.5.tgz",
      "integrity": "sha1-B81mmo7cmRH+Xo64ueR4TA0OIJc=",
      "dependencies": {
        "panzer": "~0.3"
      },
      "engines": {
        "node": ">=0.6.x <=0.11.x"
      }
    }
  },
  "dependencies": {
    "genData": {
      "version": "3.1.0",
      "resolved": "https://registry.npmjs.org/genData/-/genData-3.1.0.tgz",
      "integrity": "sha1-2RwWPvV+xx1FKIe0xJ6jXTry8Fg="
    },
    "hash": {
      "version": "0.2.1",
      "resolved": "https://registry.npmjs.org/hash/-/hash-0.2.1.tgz",
      "integrity": "sha1-pxnXiTl8VjfwIEPAwYD0Mf35puw="
    },
    "panzer": {
      "version": "0.3.13",
      "resolved": "https://registry.npmjs.org/panzer/-/panzer-0.3.13.tgz",
      "integrity": "sha1-uoK5baSdmC+8ADptfXMMrRGpKT0=",
      "requires": {
        "genData": "~3.1"
      }
    },
    "salt": {
      "version": "0.5.5",
      "resolved": "https://registry.npmjs.org/salt/-/salt-0.5.5.tgz",
      "integrity": "sha1-B81mmo7cmRH+Xo64ueR4TA0OIJc=",
      "requires": {
        "panzer": "~0.3"
      }
    }
  }
}
